{
  "name": "artwebsite",
  "version": "1.0.0",
  "lockfileVersion": 1,
  "requires": true,
  "dependencies": {
    "core-js": {
      "version": "3.11.3",
      "resolved": "https://registry.npmjs.org/core-js/-/core-js-3.11.3.tgz",
      "integrity": "sha512-DFEW9BllWw781Op5KdYGtXfj3s9Cmykzt16bY6elaVuqXHCUwF/5pv0H3IJ7/I3BGjK7OeU+GrjD1ChCkBJPuA=="
    },
    "vue": {
      "version": "2.6.12",
      "resolved": "https://registry.npmjs.org/vue/-/vue-2.6.12.tgz",
      "integrity": "sha512-uhmLFETqPPNyuLLbsKz6ioJ4q7AZHzD8ZVFNATNyICSZouqP2Sz0rotWQC8UNBF6VGSCs5abnKJoStA6JbCbfg=="
    }
  }
}
